
Microsoft Visual Studio Solution File, Format Version 12.00
# Visual Studio 2013
VisualStudioVersion = 12.0.31101.0
MinimumVisualStudioVersion = 10.0.40219.1
Project("{FAE04EC0-301F-11D3-BF4B-00C04F79EFBC}") = "NiceGuid.Generator", "NiceGuid.Generator\NiceGuid.Generator.csproj", "{43B3DF04-84EA-4AE0-8760-86A7AC9CDF96}"
EndProject
Project("{FAE04EC0-301F-11D3-BF4B-00C04F79EFBC}") = "NiceGuid.Web", "NiceGuid.Web\NiceGuid.Web.csproj", "{BD16B5AD-B70D-410F-A523-17AC01A142FB}"
EndProject
Global
	GlobalSection(SolutionConfigurationPlatforms) = preSolution
		Debug|Any CPU = Debug|Any CPU
		Release|Any CPU = Release|Any CPU
	EndGlobalSection
	GlobalSection(ProjectConfigurationPlatforms) = postSolution
		{43B3DF04-84EA-4AE0-8760-86A7AC9CDF96}.Debug|Any CPU.ActiveCfg = Debug|Any CPU
		{43B3DF04-84EA-4AE0-8760-86A7AC9CDF96}.Debug|Any CPU.Build.0 = Debug|Any CPU
		{43B3DF04-84EA-4AE0-8760-86A7AC9CDF96}.Release|Any CPU.ActiveCfg = Release|Any CPU
		{43B3DF04-84EA-4AE0-8760-86A7AC9CDF96}.Release|Any CPU.Build.0 = Release|Any CPU
		{BD16B5AD-B70D-410F-A523-17AC01A142FB}.Debug|Any CPU.ActiveCfg = Debug|Any CPU
		{BD16B5AD-B70D-410F-A523-17AC01A142FB}.Debug|Any CPU.Build.0 = Debug|Any CPU
		{BD16B5AD-B70D-410F-A523-17AC01A142FB}.Release|Any CPU.ActiveCfg = Release|Any CPU
		{BD16B5AD-B70D-410F-A523-17AC01A142FB}.Release|Any CPU.Build.0 = Release|Any CPU
	EndGlobalSection
	GlobalSection(SolutionProperties) = preSolution
		HideSolutionNode = FALSE
	EndGlobalSection
EndGlobal
